
Microsoft Visual Studio Solution File, Format Version 12.00
# Visual Studio Version 17
VisualStudioVersion = 17.0.31903.59
MinimumVisualStudioVersion = 10.0.40219.1
Project("{2150E333-8FDC-42A3-9474-1A3956D46DE8}") = "src", "src", "{827E0CD3-B72D-47B6-A68D-7590B98EB39B}"
EndProject
Project("{FAE04EC0-301F-11D3-BF4B-00C04F79EFBC}") = "MightyFights.Desktop", "src\MightyFights.Desktop\MightyFights.Desktop.csproj", "{21A3BCFA-F326-44FD-BCF5-6075A72CFD89}"
EndProject
Project("{FAE04EC0-301F-11D3-BF4B-00C04F79EFBC}") = "MightyFights.Core", "src\MightyFights.Core\MightyFights.Core.csproj", "{4C821571-D5CC-4CD8-910D-F3F128AD8D9B}"
EndProject
Project("{FAE04EC0-301F-11D3-BF4B-00C04F79EFBC}") = "MightyFights.Particles", "src\MightyFights.Particles\MightyFights.Particles.csproj", "{5ECCFBDC-A7FB-4201-9113-CE58CA6EF793}"
EndProject
Global
	GlobalSection(SolutionConfigurationPlatforms) = preSolution
		Debug|Any CPU = Debug|Any CPU
		Debug|x64 = Debug|x64
		Debug|x86 = Debug|x86
		Release|Any CPU = Release|Any CPU
		Release|x64 = Release|x64
		Release|x86 = Release|x86
	EndGlobalSection
	GlobalSection(ProjectConfigurationPlatforms) = postSolution
		{21A3BCFA-F326-44FD-BCF5-6075A72CFD89}.Debug|Any CPU.ActiveCfg = Debug|Any CPU
		{21A3BCFA-F326-44FD-BCF5-6075A72CFD89}.Debug|Any CPU.Build.0 = Debug|Any CPU
		{21A3BCFA-F326-44FD-BCF5-6075A72CFD89}.Debug|x64.ActiveCfg = Debug|Any CPU
		{21A3BCFA-F326-44FD-BCF5-6075A72CFD89}.Debug|x64.Build.0 = Debug|Any CPU
		{21A3BCFA-F326-44FD-BCF5-6075A72CFD89}.Debug|x86.ActiveCfg = Debug|Any CPU
		{21A3BCFA-F326-44FD-BCF5-6075A72CFD89}.Debug|x86.Build.0 = Debug|Any CPU
		{21A3BCFA-F326-44FD-BCF5-6075A72CFD89}.Release|Any CPU.ActiveCfg = Release|Any CPU
		{21A3BCFA-F326-44FD-BCF5-6075A72CFD89}.Release|Any CPU.Build.0 = Release|Any CPU
		{21A3BCFA-F326-44FD-BCF5-6075A72CFD89}.Release|x64.ActiveCfg = Release|Any CPU
		{21A3BCFA-F326-44FD-BCF5-6075A72CFD89}.Release|x64.Build.0 = Release|Any CPU
		{21A3BCFA-F326-44FD-BCF5-6075A72CFD89}.Release|x86.ActiveCfg = Release|Any CPU
		{21A3BCFA-F326-44FD-BCF5-6075A72CFD89}.Release|x86.Build.0 = Release|Any CPU
		{4C821571-D5CC-4CD8-910D-F3F128AD8D9B}.Debug|Any CPU.ActiveCfg = Debug|Any CPU
		{4C821571-D5CC-4CD8-910D-F3F128AD8D9B}.Debug|Any CPU.Build.0 = Debug|Any CPU
		{4C821571-D5CC-4CD8-910D-F3F128AD8D9B}.Debug|x64.ActiveCfg = Debug|Any CPU
		{4C821571-D5CC-4CD8-910D-F3F128AD8D9B}.Debug|x64.Build.0 = Debug|Any CPU
		{4C821571-D5CC-4CD8-910D-F3F128AD8D9B}.Debug|x86.ActiveCfg = Debug|Any CPU
		{4C821571-D5CC-4CD8-910D-F3F128AD8D9B}.Debug|x86.Build.0 = Debug|Any CPU
		{4C821571-D5CC-4CD8-910D-F3F128AD8D9B}.Release|Any CPU.ActiveCfg = Release|Any CPU
		{4C821571-D5CC-4CD8-910D-F3F128AD8D9B}.Release|Any CPU.Build.0 = Release|Any CPU
		{4C821571-D5CC-4CD8-910D-F3F128AD8D9B}.Release|x64.ActiveCfg = Release|Any CPU
		{4C821571-D5CC-4CD8-910D-F3F128AD8D9B}.Release|x64.Build.0 = Release|Any CPU
		{4C821571-D5CC-4CD8-910D-F3F128AD8D9B}.Release|x86.ActiveCfg = Release|Any CPU
		{4C821571-D5CC-4CD8-910D-F3F128AD8D9B}.Release|x86.Build.0 = Release|Any CPU
		{5ECCFBDC-A7FB-4201-9113-CE58CA6EF793}.Debug|Any CPU.ActiveCfg = Debug|Any CPU
		{5ECCFBDC-A7FB-4201-9113-CE58CA6EF793}.Debug|Any CPU.Build.0 = Debug|Any CPU
		{5ECCFBDC-A7FB-4201-9113-CE58CA6EF793}.Debug|x64.ActiveCfg = Debug|Any CPU
		{5ECCFBDC-A7FB-4201-9113-CE58CA6EF793}.Debug|x64.Build.0 = Debug|Any CPU
		{5ECCFBDC-A7FB-4201-9113-CE58CA6EF793}.Debug|x86.ActiveCfg = Debug|Any CPU
		{5ECCFBDC-A7FB-4201-9113-CE58CA6EF793}.Debug|x86.Build.0 = Debug|Any CPU
		{5ECCFBDC-A7FB-4201-9113-CE58CA6EF793}.Release|Any CPU.ActiveCfg = Release|Any CPU
		{5ECCFBDC-A7FB-4201-9113-CE58CA6EF793}.Release|Any CPU.Build.0 = Release|Any CPU
		{5ECCFBDC-A7FB-4201-9113-CE58CA6EF793}.Release|x64.ActiveCfg = Release|Any CPU
		{5ECCFBDC-A7FB-4201-9113-CE58CA6EF793}.Release|x64.Build.0 = Release|Any CPU
		{5ECCFBDC-A7FB-4201-9113-CE58CA6EF793}.Release|x86.ActiveCfg = Release|Any CPU
		{5ECCFBDC-A7FB-4201-9113-CE58CA6EF793}.Release|x86.Build.0 = Release|Any CPU
	EndGlobalSection
	GlobalSection(SolutionProperties) = preSolution
		HideSolutionNode = FALSE
	EndGlobalSection
	GlobalSection(NestedProjects) = preSolution
		{21A3BCFA-F326-44FD-BCF5-6075A72CFD89} = {827E0CD3-B72D-47B6-A68D-7590B98EB39B}
		{4C821571-D5CC-4CD8-910D-F3F128AD8D9B} = {827E0CD3-B72D-47B6-A68D-7590B98EB39B}
		{5ECCFBDC-A7FB-4201-9113-CE58CA6EF793} = {827E0CD3-B72D-47B6-A68D-7590B98EB39B}
	EndGlobalSection
EndGlobal
