
Microsoft Visual Studio Solution File, Format Version 11.00
# Visual Studio 2010
Project("{FAE04EC0-301F-11D3-BF4B-00C04F79EFBC}") = "MightyFights_Prototype", "MightyFights_Prototype\MightyFights_Prototype\MightyFights_Prototype.csproj", "{008E224C-CC9A-43B3-B270-E5A326E04DF7}"
EndProject
Project("{FAE04EC0-301F-11D3-BF4B-00C04F79EFBC}") = "MightyFights_PrototypeContent", "MightyFights_Prototype\MightyFights_PrototypeContent\MightyFights_PrototypeContent.contentproj", "{29E33D4D-4111-4AA0-A67B-852D34FC0979}"
EndProject
Project("{FAE04EC0-301F-11D3-BF4B-00C04F79EFBC}") = "AnimationDataEx", "AnimationDataEx\AnimationDataEx.csproj", "{D8CF0B3E-117F-4F6A-BD4B-EAAD2457D808}"
EndProject
Project("{FAE04EC0-301F-11D3-BF4B-00C04F79EFBC}") = "MightyFights_Support", "MightyFights_Support\MightyFights_Support.csproj", "{B7226E64-C24E-433E-AC23-976CF0E3A7F8}"
EndProject
Project("{FAE04EC0-301F-11D3-BF4B-00C04F79EFBC}") = "MightyFights_DebugPipeline", "MightyFights_DebugPipeline\MightyFights_DebugPipeline.csproj", "{CC43A403-3D14-4B82-B15F-954B46DEB811}"
EndProject
Global
	GlobalSection(SolutionConfigurationPlatforms) = preSolution
		Debug|Any CPU = Debug|Any CPU
		Debug|x86 = Debug|x86
		Release|Any CPU = Release|Any CPU
		Release|x86 = Release|x86
	EndGlobalSection
	GlobalSection(ProjectConfigurationPlatforms) = postSolution
		{008E224C-CC9A-43B3-B270-E5A326E04DF7}.Debug|Any CPU.ActiveCfg = Debug|x86
		{008E224C-CC9A-43B3-B270-E5A326E04DF7}.Debug|Any CPU.Build.0 = Debug|x86
		{008E224C-CC9A-43B3-B270-E5A326E04DF7}.Debug|x86.ActiveCfg = Debug|x86
		{008E224C-CC9A-43B3-B270-E5A326E04DF7}.Debug|x86.Build.0 = Debug|x86
		{008E224C-CC9A-43B3-B270-E5A326E04DF7}.Release|Any CPU.ActiveCfg = Release|x86
		{008E224C-CC9A-43B3-B270-E5A326E04DF7}.Release|Any CPU.Build.0 = Release|x86
		{008E224C-CC9A-43B3-B270-E5A326E04DF7}.Release|x86.ActiveCfg = Release|x86
		{008E224C-CC9A-43B3-B270-E5A326E04DF7}.Release|x86.Build.0 = Release|x86
		{29E33D4D-4111-4AA0-A67B-852D34FC0979}.Debug|Any CPU.ActiveCfg = Debug|x86
		{29E33D4D-4111-4AA0-A67B-852D34FC0979}.Debug|Any CPU.Build.0 = Debug|x86
		{29E33D4D-4111-4AA0-A67B-852D34FC0979}.Debug|x86.ActiveCfg = Debug|x86
		{29E33D4D-4111-4AA0-A67B-852D34FC0979}.Release|Any CPU.ActiveCfg = Release|x86
		{29E33D4D-4111-4AA0-A67B-852D34FC0979}.Release|x86.ActiveCfg = Release|x86
		{D8CF0B3E-117F-4F6A-BD4B-EAAD2457D808}.Debug|Any CPU.ActiveCfg = Debug|x86
		{D8CF0B3E-117F-4F6A-BD4B-EAAD2457D808}.Debug|Any CPU.Build.0 = Debug|x86
		{D8CF0B3E-117F-4F6A-BD4B-EAAD2457D808}.Debug|x86.ActiveCfg = Debug|x86
		{D8CF0B3E-117F-4F6A-BD4B-EAAD2457D808}.Debug|x86.Build.0 = Debug|x86
		{D8CF0B3E-117F-4F6A-BD4B-EAAD2457D808}.Release|Any CPU.ActiveCfg = Debug|x86
		{D8CF0B3E-117F-4F6A-BD4B-EAAD2457D808}.Release|Any CPU.Build.0 = Debug|x86
		{D8CF0B3E-117F-4F6A-BD4B-EAAD2457D808}.Release|x86.ActiveCfg = Debug|x86
		{D8CF0B3E-117F-4F6A-BD4B-EAAD2457D808}.Release|x86.Build.0 = Debug|x86
		{B7226E64-C24E-433E-AC23-976CF0E3A7F8}.Debug|Any CPU.ActiveCfg = Debug|x86
		{B7226E64-C24E-433E-AC23-976CF0E3A7F8}.Debug|Any CPU.Build.0 = Debug|x86
		{B7226E64-C24E-433E-AC23-976CF0E3A7F8}.Debug|x86.ActiveCfg = Debug|x86
		{B7226E64-C24E-433E-AC23-976CF0E3A7F8}.Debug|x86.Build.0 = Debug|x86
		{B7226E64-C24E-433E-AC23-976CF0E3A7F8}.Release|Any CPU.ActiveCfg = Release|x86
		{B7226E64-C24E-433E-AC23-976CF0E3A7F8}.Release|Any CPU.Build.0 = Release|x86
		{B7226E64-C24E-433E-AC23-976CF0E3A7F8}.Release|x86.ActiveCfg = Release|x86
		{B7226E64-C24E-433E-AC23-976CF0E3A7F8}.Release|x86.Build.0 = Release|x86
		{CC43A403-3D14-4B82-B15F-954B46DEB811}.Debug|Any CPU.ActiveCfg = Debug|Any CPU
		{CC43A403-3D14-4B82-B15F-954B46DEB811}.Debug|Any CPU.Build.0 = Debug|Any CPU
		{CC43A403-3D14-4B82-B15F-954B46DEB811}.Debug|x86.ActiveCfg = Debug|x86
		{CC43A403-3D14-4B82-B15F-954B46DEB811}.Debug|x86.Build.0 = Debug|x86
		{CC43A403-3D14-4B82-B15F-954B46DEB811}.Release|Any CPU.ActiveCfg = Release|Any CPU
		{CC43A403-3D14-4B82-B15F-954B46DEB811}.Release|Any CPU.Build.0 = Release|Any CPU
		{CC43A403-3D14-4B82-B15F-954B46DEB811}.Release|x86.ActiveCfg = Release|x86
		{CC43A403-3D14-4B82-B15F-954B46DEB811}.Release|x86.Build.0 = Release|x86
	EndGlobalSection
	GlobalSection(SolutionProperties) = preSolution
		HideSolutionNode = FALSE
	EndGlobalSection
EndGlobal
